
Microsoft Visual Studio Solution File, Format Version 12.00
# Visual Studio Version 17
VisualStudioVersion = 17.5.33424.131
MinimumVisualStudioVersion = 10.0.40219.1
Project("{9A19103F-16F7-4668-BE54-9A1E7A4F7556}") = "NonPersistentFiltering.Blazor.Server", "NonPersistentFiltering.Blazor.Server\NonPersistentFiltering.Blazor.Server.csproj", "{787C7A8E-80C0-47F4-810B-1B41B4E3DA54}"
EndProject
Project("{9A19103F-16F7-4668-BE54-9A1E7A4F7556}") = "NonPersistentFiltering.Module", "NonPersistentFiltering.Module\NonPersistentFiltering.Module.csproj", "{683BB2A8-F56B-4F37-9DCF-DE906FCAD530}"
EndProject
Project("{9A19103F-16F7-4668-BE54-9A1E7A4F7556}") = "NonPersistentFiltering.Win", "NonPersistentFiltering.Win\NonPersistentFiltering.Win.csproj", "{4035990A-11F0-4E24-99DA-9A61C0C5F8F9}"
EndProject

Global
	GlobalSection(SolutionConfigurationPlatforms) = preSolution
		Debug|Any CPU = Debug|Any CPU
		EasyTest|Any CPU = EasyTest|Any CPU
		Release|Any CPU = Release|Any CPU
	EndGlobalSection
	GlobalSection(ProjectConfigurationPlatforms) = postSolution
		{683BB2A8-F56B-4F37-9DCF-DE906FCAD530}.Debug|Any CPU.ActiveCfg = Debug|Any CPU
		{683BB2A8-F56B-4F37-9DCF-DE906FCAD530}.Debug|Any CPU.Build.0 = Debug|Any CPU
		{683BB2A8-F56B-4F37-9DCF-DE906FCAD530}.EasyTest|Any CPU.ActiveCfg = EasyTest|Any CPU
		{683BB2A8-F56B-4F37-9DCF-DE906FCAD530}.EasyTest|Any CPU.Build.0 = EasyTest|Any CPU
		{683BB2A8-F56B-4F37-9DCF-DE906FCAD530}.Release|Any CPU.ActiveCfg = Release|Any CPU
		{683BB2A8-F56B-4F37-9DCF-DE906FCAD530}.Release|Any CPU.Build.0 = Release|Any CPU
		{4035990A-11F0-4E24-99DA-9A61C0C5F8F9}.Debug|Any CPU.ActiveCfg = Debug|Any CPU
		{4035990A-11F0-4E24-99DA-9A61C0C5F8F9}.Debug|Any CPU.Build.0 = Debug|Any CPU
		{4035990A-11F0-4E24-99DA-9A61C0C5F8F9}.EasyTest|Any CPU.ActiveCfg = EasyTest|Any CPU
		{4035990A-11F0-4E24-99DA-9A61C0C5F8F9}.EasyTest|Any CPU.Build.0 = EasyTest|Any CPU
		{4035990A-11F0-4E24-99DA-9A61C0C5F8F9}.Release|Any CPU.ActiveCfg = Release|Any CPU
		{4035990A-11F0-4E24-99DA-9A61C0C5F8F9}.Release|Any CPU.Build.0 = Release|Any CPU
		{787C7A8E-80C0-47F4-810B-1B41B4E3DA54}.Debug|Any CPU.ActiveCfg = Debug|Any CPU
		{787C7A8E-80C0-47F4-810B-1B41B4E3DA54}.Debug|Any CPU.Build.0 = Debug|Any CPU
		{787C7A8E-80C0-47F4-810B-1B41B4E3DA54}.EasyTest|Any CPU.ActiveCfg = EasyTest|Any CPU
		{787C7A8E-80C0-47F4-810B-1B41B4E3DA54}.EasyTest|Any CPU.Build.0 = EasyTest|Any CPU
		{787C7A8E-80C0-47F4-810B-1B41B4E3DA54}.Release|Any CPU.ActiveCfg = Release|Any CPU
		{787C7A8E-80C0-47F4-810B-1B41B4E3DA54}.Release|Any CPU.Build.0 = Release|Any CPU
	EndGlobalSection
	GlobalSection(SolutionProperties) = preSolution
		HideSolutionNode = FALSE
	EndGlobalSection
EndGlobal
